{
  "requires": true,
  "lockfileVersion": 1,
  "dependencies": {
    "angular-cookies": {
      "version": "1.7.5",
      "resolved": "https://registry.npmjs.org/angular-cookies/-/angular-cookies-1.7.5.tgz",
      "integrity": "sha512-/8xvvSl/Z9Vwu8ChRm+OQE3vmli8Icwl8uTYkHqD7j7cknJP9kNaf7SgsENlsLVtOqLE/I7TCFYrSx3bmSeNQA=="
    }
  }
}
