
Microsoft Visual Studio Solution File, Format Version 12.00
# Visual Studio 15
VisualStudioVersion = 15.0.27130.2026
MinimumVisualStudioVersion = 10.0.40219.1
Project("{FAE04EC0-301F-11D3-BF4B-00C04F79EFBC}") = "Entity", "Entity\Entity.csproj", "{B70FF96D-E632-4B30-8AA0-E8069FC9FA00}"
EndProject
Project("{FAE04EC0-301F-11D3-BF4B-00C04F79EFBC}") = "DAL", "DAL\DAL.csproj", "{9508889B-FD50-4330-9FAC-F9135DCA6064}"
EndProject
Project("{FAE04EC0-301F-11D3-BF4B-00C04F79EFBC}") = "Service", "Service\Service.csproj", "{3660F69C-5452-4A95-92D2-532803DAFDCF}"
EndProject
Project("{FAE04EC0-301F-11D3-BF4B-00C04F79EFBC}") = "Backend", "ServiceStack.API\ServiceStack.API\Backend.csproj", "{4389B305-B381-4B50-B1A8-BBB5259A0524}"
EndProject
Project("{FAE04EC0-301F-11D3-BF4B-00C04F79EFBC}") = "Backend.ServiceModel", "ServiceStack.API\ServiceStack.API.ServiceModel\Backend.ServiceModel.csproj", "{53E82AC1-DD1D-4C66-B55F-F9F4ACFB2F40}"
EndProject
Project("{FAE04EC0-301F-11D3-BF4B-00C04F79EFBC}") = "Backend.ServiceInterface", "ServiceStack.API\ServiceStack.API.ServiceInterface\Backend.ServiceInterface.csproj", "{801A0F89-D5F6-49A6-BCEA-6624388C98A4}"
EndProject
Project("{2150E333-8FDC-42A3-9474-1A3956D46DE8}") = "Backend", "Backend", "{A5C150C5-FDB0-4C25-8776-763E0F22F48E}"
EndProject
Project("{2150E333-8FDC-42A3-9474-1A3956D46DE8}") = "FrontEnd", "FrontEnd", "{48945755-1512-4DF4-B5BC-44225A23B24F}"
EndProject
Project("{FAE04EC0-301F-11D3-BF4B-00C04F79EFBC}") = "MyApp", "MyApp\MyApp\MyApp.csproj", "{13A855EF-F452-4F24-BF88-44CB262DEF96}"
EndProject
Project("{FAE04EC0-301F-11D3-BF4B-00C04F79EFBC}") = "MyApp.ServiceModel", "MyApp\MyApp.ServiceModel\MyApp.ServiceModel.csproj", "{F36BD9E4-6681-4112-B7F7-DFB2B752F1DD}"
EndProject
Project("{FAE04EC0-301F-11D3-BF4B-00C04F79EFBC}") = "MyApp.ServiceInterface", "MyApp\MyApp.ServiceInterface\MyApp.ServiceInterface.csproj", "{9BAF2CC0-A2B2-4EBE-8790-1F91CF28BC41}"
EndProject
Global
	GlobalSection(SolutionConfigurationPlatforms) = preSolution
		Debug|Any CPU = Debug|Any CPU
		Release|Any CPU = Release|Any CPU
	EndGlobalSection
	GlobalSection(ProjectConfigurationPlatforms) = postSolution
		{B70FF96D-E632-4B30-8AA0-E8069FC9FA00}.Debug|Any CPU.ActiveCfg = Debug|Any CPU
		{B70FF96D-E632-4B30-8AA0-E8069FC9FA00}.Debug|Any CPU.Build.0 = Debug|Any CPU
		{B70FF96D-E632-4B30-8AA0-E8069FC9FA00}.Release|Any CPU.ActiveCfg = Release|Any CPU
		{B70FF96D-E632-4B30-8AA0-E8069FC9FA00}.Release|Any CPU.Build.0 = Release|Any CPU
		{9508889B-FD50-4330-9FAC-F9135DCA6064}.Debug|Any CPU.ActiveCfg = Debug|Any CPU
		{9508889B-FD50-4330-9FAC-F9135DCA6064}.Debug|Any CPU.Build.0 = Debug|Any CPU
		{9508889B-FD50-4330-9FAC-F9135DCA6064}.Release|Any CPU.ActiveCfg = Release|Any CPU
		{9508889B-FD50-4330-9FAC-F9135DCA6064}.Release|Any CPU.Build.0 = Release|Any CPU
		{3660F69C-5452-4A95-92D2-532803DAFDCF}.Debug|Any CPU.ActiveCfg = Debug|Any CPU
		{3660F69C-5452-4A95-92D2-532803DAFDCF}.Debug|Any CPU.Build.0 = Debug|Any CPU
		{3660F69C-5452-4A95-92D2-532803DAFDCF}.Release|Any CPU.ActiveCfg = Release|Any CPU
		{3660F69C-5452-4A95-92D2-532803DAFDCF}.Release|Any CPU.Build.0 = Release|Any CPU
		{4389B305-B381-4B50-B1A8-BBB5259A0524}.Debug|Any CPU.ActiveCfg = Debug|Any CPU
		{4389B305-B381-4B50-B1A8-BBB5259A0524}.Debug|Any CPU.Build.0 = Debug|Any CPU
		{4389B305-B381-4B50-B1A8-BBB5259A0524}.Release|Any CPU.ActiveCfg = Release|Any CPU
		{4389B305-B381-4B50-B1A8-BBB5259A0524}.Release|Any CPU.Build.0 = Release|Any CPU
		{53E82AC1-DD1D-4C66-B55F-F9F4ACFB2F40}.Debug|Any CPU.ActiveCfg = Debug|Any CPU
		{53E82AC1-DD1D-4C66-B55F-F9F4ACFB2F40}.Debug|Any CPU.Build.0 = Debug|Any CPU
		{53E82AC1-DD1D-4C66-B55F-F9F4ACFB2F40}.Release|Any CPU.ActiveCfg = Release|Any CPU
		{53E82AC1-DD1D-4C66-B55F-F9F4ACFB2F40}.Release|Any CPU.Build.0 = Release|Any CPU
		{801A0F89-D5F6-49A6-BCEA-6624388C98A4}.Debug|Any CPU.ActiveCfg = Debug|Any CPU
		{801A0F89-D5F6-49A6-BCEA-6624388C98A4}.Debug|Any CPU.Build.0 = Debug|Any CPU
		{801A0F89-D5F6-49A6-BCEA-6624388C98A4}.Release|Any CPU.ActiveCfg = Release|Any CPU
		{801A0F89-D5F6-49A6-BCEA-6624388C98A4}.Release|Any CPU.Build.0 = Release|Any CPU
		{13A855EF-F452-4F24-BF88-44CB262DEF96}.Debug|Any CPU.ActiveCfg = Debug|Any CPU
		{13A855EF-F452-4F24-BF88-44CB262DEF96}.Debug|Any CPU.Build.0 = Debug|Any CPU
		{13A855EF-F452-4F24-BF88-44CB262DEF96}.Release|Any CPU.ActiveCfg = Release|Any CPU
		{13A855EF-F452-4F24-BF88-44CB262DEF96}.Release|Any CPU.Build.0 = Release|Any CPU
		{F36BD9E4-6681-4112-B7F7-DFB2B752F1DD}.Debug|Any CPU.ActiveCfg = Debug|Any CPU
		{F36BD9E4-6681-4112-B7F7-DFB2B752F1DD}.Debug|Any CPU.Build.0 = Debug|Any CPU
		{F36BD9E4-6681-4112-B7F7-DFB2B752F1DD}.Release|Any CPU.ActiveCfg = Release|Any CPU
		{F36BD9E4-6681-4112-B7F7-DFB2B752F1DD}.Release|Any CPU.Build.0 = Release|Any CPU
		{9BAF2CC0-A2B2-4EBE-8790-1F91CF28BC41}.Debug|Any CPU.ActiveCfg = Debug|Any CPU
		{9BAF2CC0-A2B2-4EBE-8790-1F91CF28BC41}.Debug|Any CPU.Build.0 = Debug|Any CPU
		{9BAF2CC0-A2B2-4EBE-8790-1F91CF28BC41}.Release|Any CPU.ActiveCfg = Release|Any CPU
		{9BAF2CC0-A2B2-4EBE-8790-1F91CF28BC41}.Release|Any CPU.Build.0 = Release|Any CPU
	EndGlobalSection
	GlobalSection(SolutionProperties) = preSolution
		HideSolutionNode = FALSE
	EndGlobalSection
	GlobalSection(NestedProjects) = preSolution
		{4389B305-B381-4B50-B1A8-BBB5259A0524} = {A5C150C5-FDB0-4C25-8776-763E0F22F48E}
		{53E82AC1-DD1D-4C66-B55F-F9F4ACFB2F40} = {A5C150C5-FDB0-4C25-8776-763E0F22F48E}
		{801A0F89-D5F6-49A6-BCEA-6624388C98A4} = {A5C150C5-FDB0-4C25-8776-763E0F22F48E}
		{13A855EF-F452-4F24-BF88-44CB262DEF96} = {48945755-1512-4DF4-B5BC-44225A23B24F}
		{F36BD9E4-6681-4112-B7F7-DFB2B752F1DD} = {48945755-1512-4DF4-B5BC-44225A23B24F}
		{9BAF2CC0-A2B2-4EBE-8790-1F91CF28BC41} = {48945755-1512-4DF4-B5BC-44225A23B24F}
	EndGlobalSection
	GlobalSection(ExtensibilityGlobals) = postSolution
		SolutionGuid = {04266DF4-78E7-42CC-B575-224865CE5419}
	EndGlobalSection
EndGlobal
